
Microsoft Visual Studio Solution File, Format Version 12.00
# Visual Studio 2012
Project("{FAE04EC0-301F-11D3-BF4B-00C04F79EFBC}") = "MediFast", "MediFast\MediFast.csproj", "{1852D6D2-A8A9-4685-BC09-6F7D19605818}"
EndProject
Project("{FAE04EC0-301F-11D3-BF4B-00C04F79EFBC}") = "ui", "..\..\Documents\Other\Old School\Fall 2015\COMP 170\introcs-csharp-examples-master\ui\ui.csproj", "{DC88927E-04FA-4738-A07B-D5188AEAB924}"
EndProject
Project("{FAE04EC0-301F-11D3-BF4B-00C04F79EFBC}") = "fio", "..\..\Documents\Other\Old School\Fall 2015\COMP 170\introcs-csharp-examples-master\fio\fio.csproj", "{38702508-4BEE-4055-B478-1F9FA30C1630}"
EndProject
Global
	GlobalSection(SolutionConfigurationPlatforms) = preSolution
		Debug|x86 = Debug|x86
		Release|x86 = Release|x86
	EndGlobalSection
	GlobalSection(ProjectConfigurationPlatforms) = postSolution
		{1852D6D2-A8A9-4685-BC09-6F7D19605818}.Debug|x86.ActiveCfg = Debug|x86
		{1852D6D2-A8A9-4685-BC09-6F7D19605818}.Debug|x86.Build.0 = Debug|x86
		{1852D6D2-A8A9-4685-BC09-6F7D19605818}.Release|x86.ActiveCfg = Release|x86
		{1852D6D2-A8A9-4685-BC09-6F7D19605818}.Release|x86.Build.0 = Release|x86
		{38702508-4BEE-4055-B478-1F9FA30C1630}.Debug|x86.ActiveCfg = Debug|Any CPU
		{38702508-4BEE-4055-B478-1F9FA30C1630}.Debug|x86.Build.0 = Debug|Any CPU
		{38702508-4BEE-4055-B478-1F9FA30C1630}.Release|x86.ActiveCfg = Release|Any CPU
		{38702508-4BEE-4055-B478-1F9FA30C1630}.Release|x86.Build.0 = Release|Any CPU
		{DC88927E-04FA-4738-A07B-D5188AEAB924}.Debug|x86.ActiveCfg = Debug|Any CPU
		{DC88927E-04FA-4738-A07B-D5188AEAB924}.Debug|x86.Build.0 = Debug|Any CPU
		{DC88927E-04FA-4738-A07B-D5188AEAB924}.Release|x86.ActiveCfg = Release|Any CPU
		{DC88927E-04FA-4738-A07B-D5188AEAB924}.Release|x86.Build.0 = Release|Any CPU
	EndGlobalSection
EndGlobal
